
Microsoft Visual Studio Solution File, Format Version 12.00
# Visual Studio Version 17
VisualStudioVersion = 17.3.32811.315
MinimumVisualStudioVersion = 10.0.40219.1
Project("{FAE04EC0-301F-11D3-BF4B-00C04F79EFBC}") = "Framework", "Framework\Framework.csproj", "{97820694-F76F-4FDA-8FF3-BFF58487E5A3}"
EndProject
Project("{FAE04EC0-301F-11D3-BF4B-00C04F79EFBC}") = "ServiceCollectionExtensions", "ServiceCollectionExtensions\ServiceCollectionExtensions.csproj", "{D8A8601E-1C82-4FAA-BA8E-EC74FF3E8943}"
EndProject
Global
	GlobalSection(SolutionConfigurationPlatforms) = preSolution
		Debug|Any CPU = Debug|Any CPU
		Release|Any CPU = Release|Any CPU
	EndGlobalSection
	GlobalSection(ProjectConfigurationPlatforms) = postSolution
		{97820694-F76F-4FDA-8FF3-BFF58487E5A3}.Debug|Any CPU.ActiveCfg = Debug|Any CPU
		{97820694-F76F-4FDA-8FF3-BFF58487E5A3}.Debug|Any CPU.Build.0 = Debug|Any CPU
		{97820694-F76F-4FDA-8FF3-BFF58487E5A3}.Release|Any CPU.ActiveCfg = Release|Any CPU
		{97820694-F76F-4FDA-8FF3-BFF58487E5A3}.Release|Any CPU.Build.0 = Release|Any CPU
		{D8A8601E-1C82-4FAA-BA8E-EC74FF3E8943}.Debug|Any CPU.ActiveCfg = Debug|Any CPU
		{D8A8601E-1C82-4FAA-BA8E-EC74FF3E8943}.Debug|Any CPU.Build.0 = Debug|Any CPU
		{D8A8601E-1C82-4FAA-BA8E-EC74FF3E8943}.Release|Any CPU.ActiveCfg = Release|Any CPU
		{D8A8601E-1C82-4FAA-BA8E-EC74FF3E8943}.Release|Any CPU.Build.0 = Release|Any CPU
	EndGlobalSection
	GlobalSection(SolutionProperties) = preSolution
		HideSolutionNode = FALSE
	EndGlobalSection
	GlobalSection(ExtensibilityGlobals) = postSolution
		SolutionGuid = {4723C863-FBB6-4027-B25A-308F99FACABE}
	EndGlobalSection
EndGlobal
