
Microsoft Visual Studio Solution File, Format Version 12.00
# Visual Studio Version 17
VisualStudioVersion = 17.3.32811.315
MinimumVisualStudioVersion = 10.0.40219.1
Project("{9A19103F-16F7-4668-BE54-9A1E7A4F7556}") = "Customer.API", "Customer.API\Customer.API.csproj", "{2CFE6528-62CA-4147-A17F-221CD0152414}"
EndProject
Project("{9A19103F-16F7-4668-BE54-9A1E7A4F7556}") = "Customer.Test", "Customer.Test\Customer.Test.csproj", "{FB053EED-6100-4974-81D5-0DAA16F64F9F}"
EndProject
Project("{9A19103F-16F7-4668-BE54-9A1E7A4F7556}") = "Customer.Service", "Customer.Service\Customer.Service.csproj", "{189EEF50-598D-456A-A9AA-1A1CEAB2C000}"
EndProject
Project("{9A19103F-16F7-4668-BE54-9A1E7A4F7556}") = "Customer.Domain", "Customer.Domain\Customer.Domain.csproj", "{21B53F84-F2EA-4E6C-9C61-08A4DBA745C2}"
EndProject
Project("{9A19103F-16F7-4668-BE54-9A1E7A4F7556}") = "Customer.Repository", "Customer.Infrastructure\Customer.Repository.csproj", "{98888514-7BE8-4977-86BA-022B1437F929}"
EndProject
Project("{9A19103F-16F7-4668-BE54-9A1E7A4F7556}") = "Customer.Client", "Customer.Client\Customer.Client.csproj", "{D58164A2-A271-44EA-82A2-FDD3005F0BC0}"
EndProject
Global
	GlobalSection(SolutionConfigurationPlatforms) = preSolution
		Debug|Any CPU = Debug|Any CPU
		Release|Any CPU = Release|Any CPU
	EndGlobalSection
	GlobalSection(ProjectConfigurationPlatforms) = postSolution
		{2CFE6528-62CA-4147-A17F-221CD0152414}.Debug|Any CPU.ActiveCfg = Debug|Any CPU
		{2CFE6528-62CA-4147-A17F-221CD0152414}.Debug|Any CPU.Build.0 = Debug|Any CPU
		{2CFE6528-62CA-4147-A17F-221CD0152414}.Release|Any CPU.ActiveCfg = Release|Any CPU
		{2CFE6528-62CA-4147-A17F-221CD0152414}.Release|Any CPU.Build.0 = Release|Any CPU
		{FB053EED-6100-4974-81D5-0DAA16F64F9F}.Debug|Any CPU.ActiveCfg = Debug|Any CPU
		{FB053EED-6100-4974-81D5-0DAA16F64F9F}.Debug|Any CPU.Build.0 = Debug|Any CPU
		{FB053EED-6100-4974-81D5-0DAA16F64F9F}.Release|Any CPU.ActiveCfg = Release|Any CPU
		{FB053EED-6100-4974-81D5-0DAA16F64F9F}.Release|Any CPU.Build.0 = Release|Any CPU
		{189EEF50-598D-456A-A9AA-1A1CEAB2C000}.Debug|Any CPU.ActiveCfg = Debug|Any CPU
		{189EEF50-598D-456A-A9AA-1A1CEAB2C000}.Debug|Any CPU.Build.0 = Debug|Any CPU
		{189EEF50-598D-456A-A9AA-1A1CEAB2C000}.Release|Any CPU.ActiveCfg = Release|Any CPU
		{189EEF50-598D-456A-A9AA-1A1CEAB2C000}.Release|Any CPU.Build.0 = Release|Any CPU
		{21B53F84-F2EA-4E6C-9C61-08A4DBA745C2}.Debug|Any CPU.ActiveCfg = Debug|Any CPU
		{21B53F84-F2EA-4E6C-9C61-08A4DBA745C2}.Debug|Any CPU.Build.0 = Debug|Any CPU
		{21B53F84-F2EA-4E6C-9C61-08A4DBA745C2}.Release|Any CPU.ActiveCfg = Release|Any CPU
		{21B53F84-F2EA-4E6C-9C61-08A4DBA745C2}.Release|Any CPU.Build.0 = Release|Any CPU
		{98888514-7BE8-4977-86BA-022B1437F929}.Debug|Any CPU.ActiveCfg = Debug|Any CPU
		{98888514-7BE8-4977-86BA-022B1437F929}.Debug|Any CPU.Build.0 = Debug|Any CPU
		{98888514-7BE8-4977-86BA-022B1437F929}.Release|Any CPU.ActiveCfg = Release|Any CPU
		{98888514-7BE8-4977-86BA-022B1437F929}.Release|Any CPU.Build.0 = Release|Any CPU
		{D58164A2-A271-44EA-82A2-FDD3005F0BC0}.Debug|Any CPU.ActiveCfg = Debug|Any CPU
		{D58164A2-A271-44EA-82A2-FDD3005F0BC0}.Debug|Any CPU.Build.0 = Debug|Any CPU
		{D58164A2-A271-44EA-82A2-FDD3005F0BC0}.Release|Any CPU.ActiveCfg = Release|Any CPU
		{D58164A2-A271-44EA-82A2-FDD3005F0BC0}.Release|Any CPU.Build.0 = Release|Any CPU
	EndGlobalSection
	GlobalSection(SolutionProperties) = preSolution
		HideSolutionNode = FALSE
	EndGlobalSection
	GlobalSection(ExtensibilityGlobals) = postSolution
		SolutionGuid = {482358F3-548A-45C1-AFE5-D1061AB15B6D}
	EndGlobalSection
EndGlobal
